
Microsoft Visual Studio Solution File, Format Version 12.00
# Visual Studio Version 17
VisualStudioVersion = 17.7.34031.279
MinimumVisualStudioVersion = 10.0.40219.1
Project("{FAE04EC0-301F-11D3-BF4B-00C04F79EFBC}") = "CRUD", "CRUD.csproj", "{A98EF4F7-ED7D-4A0D-A3DA-62C4C02CC1FF}"
EndProject
Global
	GlobalSection(SolutionConfigurationPlatforms) = preSolution
		Debug|Any CPU = Debug|Any CPU
		Release|Any CPU = Release|Any CPU
	EndGlobalSection
	GlobalSection(ProjectConfigurationPlatforms) = postSolution
		{A98EF4F7-ED7D-4A0D-A3DA-62C4C02CC1FF}.Debug|Any CPU.ActiveCfg = Debug|Any CPU
		{A98EF4F7-ED7D-4A0D-A3DA-62C4C02CC1FF}.Debug|Any CPU.Build.0 = Debug|Any CPU
		{A98EF4F7-ED7D-4A0D-A3DA-62C4C02CC1FF}.Release|Any CPU.ActiveCfg = Release|Any CPU
		{A98EF4F7-ED7D-4A0D-A3DA-62C4C02CC1FF}.Release|Any CPU.Build.0 = Release|Any CPU
	EndGlobalSection
	GlobalSection(SolutionProperties) = preSolution
		HideSolutionNode = FALSE
	EndGlobalSection
	GlobalSection(ExtensibilityGlobals) = postSolution
		SolutionGuid = {51321B01-582C-454C-BF42-323175DC9CBC}
	EndGlobalSection
EndGlobal
